{
  "requires": true,
  "lockfileVersion": 1,
  "dependencies": {
    "jquery": {
      "version": "3.4.1",
      "resolved": "https://registry.npmjs.org/jquery/-/jquery-3.4.1.tgz",
      "integrity": "sha512-36+AdBzCL+y6qjw5Tx7HgzeGCzC81MDDgaUP8ld2zhx58HdqXGoBd+tHdrBMiyjGQs0Hxs/MLZTu/eHNJJuWPw=="
    },
    "jquery-lazy": {
      "version": "1.7.10",
      "resolved": "https://registry.npmjs.org/jquery-lazy/-/jquery-lazy-1.7.10.tgz",
      "integrity": "sha512-1vBpU+igfZJ58BrQrk2OFl3TMriGeIfZUg35uSIajZF4GcxF96NtdS3LbWk5a72rH2ypz0odTsAkqhUsICknhw==",
      "requires": {
        "jquery": ">=1.7.2"
      }
    }
  }
}
